// !$*UTF8*$!
{
	archiveVersion = 1;
	classes = {
	};
	objectVersion = 50;
	objects = {

/* Begin PBXBuildFile section */
		51139DB623238D4000FED237 /* AppDelegate.swift in Sources */ = {isa = PBXBuildFile; fileRef = 51139DB523238D4000FED237 /* AppDelegate.swift */; };
		51139DB823238D4000FED237 /* TodoListViewController.swift in Sources */ = {isa = PBXBuildFile; fileRef = 51139DB723238D4000FED237 /* TodoListViewController.swift */; };
		51139DBB23238D4000FED237 /* Main.storyboard in Resources */ = {isa = PBXBuildFile; fileRef = 51139DB923238D4000FED237 /* Main.storyboard */; };
		51139DBD23238D4300FED237 /* Assets.xcassets in Resources */ = {isa = PBXBuildFile; fileRef = 51139DBC23238D4300FED237 /* Assets.xcassets */; };
		51139DC023238D4300FED237 /* LaunchScreen.storyboard in Resources */ = {isa = PBXBuildFile; fileRef = 51139DBE23238D4300FED237 /* LaunchScreen.storyboard */; };
		51EE7C5A2324F6A600431B34 /* Item.swift in Sources */ = {isa = PBXBuildFile; fileRef = 51EE7C592324F6A600431B34 /* Item.swift */; };
		51EE7C632324FE5B00431B34 /* Default-568h@2x.png in Resources */ = {isa = PBXBuildFile; fileRef = 51EE7C622324FE5B00431B34 /* Default-568h@2x.png */; };
/* End PBXBuildFile section */

/* Begin PBXFileReference section */
		51139DB223238D4000FED237 /* Tode App.app */ = {isa = PBXFileReference; explicitFileType = wrapper.application; includeInIndex = 0; path = "Tode App.app"; sourceTree = BUILT_PRODUCTS_DIR; };
		51139DB523238D4000FED237 /* AppDelegate.swift */ = {isa = PBXFileReference; lastKnownFileType = sourcecode.swift; path = AppDelegate.swift; sourceTree = "<group>"; };
		51139DB723238D4000FED237 /* TodoListViewController.swift */ = {isa = PBXFileReference; lastKnownFileType = sourcecode.swift; path = TodoListViewController.swift; sourceTree = "<group>"; };
		51139DBA23238D4000FED237 /* Base */ = {isa = PBXFileReference; lastKnownFileType = file.storyboard; name = Base; path = Base.lproj/Main.storyboard; sourceTree = "<group>"; };
		51139DBC23238D4300FED237 /* Assets.xcassets */ = {isa = PBXFileReference; lastKnownFileType = folder.assetcatalog; path = Assets.xcassets; sourceTree = "<group>"; };
		51139DBF23238D4300FED237 /* Base */ = {isa = PBXFileReference; lastKnownFileType = file.storyboard; name = Base; path = Base.lproj/LaunchScreen.storyboard; sourceTree = "<group>"; };
		51139DC123238D4300FED237 /* Info.plist */ = {isa = PBXFileReference; lastKnownFileType = text.plist.xml; path = Info.plist; sourceTree = "<group>"; };
		51EE7C592324F6A600431B34 /* Item.swift */ = {isa = PBXFileReference; lastKnownFileType = sourcecode.swift; path = Item.swift; sourceTree = "<group>"; };
		51EE7C622324FE5B00431B34 /* Default-568h@2x.png */ = {isa = PBXFileReference; lastKnownFileType = image.png; path = "Default-568h@2x.png"; sourceTree = "<group>"; };
/* End PBXFileReference section */

/* Begin PBXFrameworksBuildPhase section */
		51139DAF23238D4000FED237 /* Frameworks */ = {
			isa = PBXFrameworksBuildPhase;
			buildActionMask = 2147483647;
			files = (
			);
			runOnlyForDeploymentPostprocessing = 0;
		};
/* End PBXFrameworksBuildPhase section */

/* Begin PBXGroup section */
		51139DA923238D3F00FED237 = {
			isa = PBXGroup;
			children = (
				51EE7C622324FE5B00431B34 /* Default-568h@2x.png */,
				51139DB423238D4000FED237 /* Tode App */,
				51139DC123238D4300FED237 /* Info.plist */,
				51139DB323238D4000FED237 /* Products */,
			);
			sourceTree = "<group>";
		};
		51139DB323238D4000FED237 /* Products */ = {
			isa = PBXGroup;
			children = (
				51139DB223238D4000FED237 /* Tode App.app */,
			);
			name = Products;
			sourceTree = "<group>";
		};
		51139DB423238D4000FED237 /* Tode App */ = {
			isa = PBXGroup;
			children = (
				51EE7C5F2324F7D100431B34 /* Controller */,
				51EE7C602324F7F300431B34 /* View */,
				51EE7C5B2324F6CC00431B34 /* Data Model */,
			);
			path = "Tode App";
			sourceTree = "<group>";
		};
		51EE7C5B2324F6CC00431B34 /* Data Model */ = {
			isa = PBXGroup;
			children = (
				51EE7C592324F6A600431B34 /* Item.swift */,
			);
			path = "Data Model";
			sourceTree = "<group>";
		};
		51EE7C5F2324F7D100431B34 /* Controller */ = {
			isa = PBXGroup;
			children = (
				51139DB523238D4000FED237 /* AppDelegate.swift */,
				51139DB723238D4000FED237 /* TodoListViewController.swift */,
			);
			path = Controller;
			sourceTree = "<group>";
		};
		51EE7C602324F7F300431B34 /* View */ = {
			isa = PBXGroup;
			children = (
				51139DB923238D4000FED237 /* Main.storyboard */,
				51139DBC23238D4300FED237 /* Assets.xcassets */,
				51139DBE23238D4300FED237 /* LaunchScreen.storyboard */,
			);
			path = View;
			sourceTree = "<group>";
		};
/* End PBXGroup section */

/* Begin PBXNativeTarget section */
		51139DB123238D4000FED237 /* Tode App */ = {
			isa = PBXNativeTarget;
			buildConfigurationList = 51139DC423238D4300FED237 /* Build configuration list for PBXNativeTarget "Tode App" */;
			buildPhases = (
				51139DAE23238D4000FED237 /* Sources */,
				51139DAF23238D4000FED237 /* Frameworks */,
				51139DB023238D4000FED237 /* Resources */,
			);
			buildRules = (
			);
			dependencies = (
			);
			name = "Tode App";
			productName = "Tode App";
			productReference = 51139DB223238D4000FED237 /* Tode App.app */;
			productType = "com.apple.product-type.application";
		};
/* End PBXNativeTarget section */

/* Begin PBXProject section */
		51139DAA23238D4000FED237 /* Project object */ = {
			isa = PBXProject;
			attributes = {
				LastSwiftUpdateCheck = 1030;
				LastUpgradeCheck = 1030;
				ORGANIZATIONNAME = MuhammedHuzeifah;
				TargetAttributes = {
					51139DB123238D4000FED237 = {
						CreatedOnToolsVersion = 10.3;
					};
				};
			};
			buildConfigurationList = 51139DAD23238D4000FED237 /* Build configuration list for PBXProject "Tode App" */;
			compatibilityVersion = "Xcode 9.3";
			developmentRegion = en;
			hasScannedForEncodings = 0;
			knownRegions = (
				en,
				Base,
			);
			mainGroup = 51139DA923238D3F00FED237;
			productRefGroup = 51139DB323238D4000FED237 /* Products */;
			projectDirPath = "";
			projectRoot = "";
			targets = (
				51139DB123238D4000FED237 /* Tode App */,
			);
		};
/* End PBXProject section */

/* Begin PBXResourcesBuildPhase section */
		51139DB023238D4000FED237 /* Resources */ = {
			isa = PBXResourcesBuildPhase;
			buildActionMask = 2147483647;
			files = (
				51139DC023238D4300FED237 /* LaunchScreen.storyboard in Resources */,
				51EE7C632324FE5B00431B34 /* Default-568h@2x.png in Resources */,
				51139DBD23238D4300FED237 /* Assets.xcassets in Resources */,
				51139DBB23238D4000FED237 /* Main.storyboard in Resources */,
			);
			runOnlyForDeploymentPostprocessing = 0;
		};
/* End PBXResourcesBuildPhase section */

/* Begin PBXSourcesBuildPhase section */
		51139DAE23238D4000FED237 /* Sources */ = {
			isa = PBXSourcesBuildPhase;
			buildActionMask = 2147483647;
			files = (
				51139DB823238D4000FED237 /* TodoListViewController.swift in Sources */,
				51EE7C5A2324F6A600431B34 /* Item.swift in Sources */,
				51139DB623238D4000FED237 /* AppDelegate.swift in Sources */,
			);
			runOnlyForDeploymentPostprocessing = 0;
		};
/* End PBXSourcesBuildPhase section */

/* Begin PBXVariantGroup section */
		51139DB923238D4000FED237 /* Main.storyboard */ = {
			isa = PBXVariantGroup;
			children = (
				51139DBA23238D4000FED237 /* Base */,
			);
			name = Main.storyboard;
			sourceTree = "<group>";
		};
		51139DBE23238D4300FED237 /* LaunchScreen.storyboard */ = {
			isa = PBXVariantGroup;
			children = (
				51139DBF23238D4300FED237 /* Base */,
			);
			name = LaunchScreen.storyboard;
			sourceTree = "<group>";
		};
/* End PBXVariantGroup section */

/* Begin XCBuildConfiguration section */
		51139DC223238D4300FED237 /* Debug */ = {
			isa = XCBuildConfiguration;
			buildSettings = {
				ALWAYS_SEARCH_USER_PATHS = NO;
				CLANG_ANALYZER_NONNULL = YES;
				CLANG_ANALYZER_NUMBER_OBJECT_CONVERSION = YES_AGGRESSIVE;
				CLANG_CXX_LANGUAGE_STANDARD = "gnu++14";
				CLANG_CXX_LIBRARY = "libc++";
				CLANG_ENABLE_MODULES = YES;
				CLANG_ENABLE_OBJC_ARC = YES;
				CLANG_ENABLE_OBJC_WEAK = YES;
				CLANG_WARN_BLOCK_CAPTURE_AUTORELEASING = YES;
				CLANG_WARN_BOOL_CONVERSION = YES;
				CLANG_WARN_COMMA = YES;
				CLANG_WARN_CONSTANT_CONVERSION = YES;
				CLANG_WARN_DEPRECATED_OBJC_IMPLEMENTATIONS = YES;
				CLANG_WARN_DIRECT_OBJC_ISA_USAGE = YES_ERROR;
				CLANG_WARN_DOCUMENTATION_COMMENTS = YES;
				CLANG_WARN_EMPTY_BODY = YES;
				CLANG_WARN_ENUM_CONVERSION = YES;
				CLANG_WARN_INFINITE_RECURSION = YES;
				CLANG_WARN_INT_CONVERSION = YES;
				CLANG_WARN_NON_LITERAL_NULL_CONVERSION = YES;
				CLANG_WARN_OBJC_IMPLICIT_RETAIN_SELF = YES;
				CLANG_WARN_OBJC_LITERAL_CONVERSION = YES;
				CLANG_WARN_OBJC_ROOT_CLASS = YES_ERROR;
				CLANG_WARN_RANGE_LOOP_ANALYSIS = YES;
				CLANG_WARN_STRICT_PROTOTYPES = YES;
				CLANG_WARN_SUSPICIOUS_MOVE = YES;
				CLANG_WARN_UNGUARDED_AVAILABILITY = YES_AGGRESSIVE;
				CLANG_WARN_UNREACHABLE_CODE = YES;
				CLANG_WARN__DUPLICATE_METHOD_MATCH = YES;
				CODE_SIGN_IDENTITY = "iPhone Developer";
				COPY_PHASE_STRIP = NO;
				DEBUG_INFORMATION_FORMAT = dwarf;
				ENABLE_STRICT_OBJC_MSGSEND = YES;
				ENABLE_TESTABILITY = YES;
				GCC_C_LANGUAGE_STANDARD = gnu11;
				GCC_DYNAMIC_NO_PIC = NO;
				GCC_NO_COMMON_BLOCKS = YES;
				GCC_OPTIMIZATION_LEVEL = 0;
				GCC_PREPROCESSOR_DEFINITIONS = (
					"DEBUG=1",
					"$(inherited)",
				);
				GCC_WARN_64_TO_32_BIT_CONVERSION = YES;
				GCC_WARN_ABOUT_RETURN_TYPE = YES_ERROR;
				GCC_WARN_UNDECLARED_SELECTOR = YES;
				GCC_WARN_UNINITIALIZED_AUTOS = YES_AGGRESSIVE;
				GCC_WARN_UNUSED_FUNCTION = YES;
				GCC_WARN_UNUSED_VARIABLE = YES;
				IPHONEOS_DEPLOYMENT_TARGET = 12.4;
				MTL_ENABLE_DEBUG_INFO = INCLUDE_SOURCE;
				MTL_FAST_MATH = YES;
				ONLY_ACTIVE_ARCH = YES;
				SDKROOT = iphoneos;
				SWIFT_ACTIVE_COMPILATION_CONDITIONS = DEBUG;
				SWIFT_OPTIMIZATION_LEVEL = "-Onone";
			};
			name = Debug;
		};
		51139DC323238D4300FED237 /* Release */ = {
			isa = XCBuildConfiguration;
			buildSettings = {
				ALWAYS_SEARCH_USER_PATHS = NO;
				CLANG_ANALYZER_NONNULL = YES;
				CLANG_ANALYZER_NUMBER_OBJECT_CONVERSION = YES_AGGRESSIVE;
				CLANG_CXX_LANGUAGE_STANDARD = "gnu++14";
				CLANG_CXX_LIBRARY = "libc++";
				CLANG_ENABLE_MODULES = YES;
				CLANG_ENABLE_OBJC_ARC = YES;
				CLANG_ENABLE_OBJC_WEAK = YES;
				CLANG_WARN_BLOCK_CAPTURE_AUTORELEASING = YES;
				CLANG_WARN_BOOL_CONVERSION = YES;
				CLANG_WARN_COMMA = YES;
				CLANG_WARN_CONSTANT_CONVERSION = YES;
				CLANG_WARN_DEPRECATED_OBJC_IMPLEMENTATIONS = YES;
				CLANG_WARN_DIRECT_OBJC_ISA_USAGE = YES_ERROR;
				CLANG_WARN_DOCUMENTATION_COMMENTS = YES;
				CLANG_WARN_EMPTY_BODY = YES;
				CLANG_WARN_ENUM_CONVERSION = YES;
				CLANG_WARN_INFINITE_RECURSION = YES;
				CLANG_WARN_INT_CONVERSION = YES;
				CLANG_WARN_NON_LITERAL_NULL_CONVERSION = YES;
				CLANG_WARN_OBJC_IMPLICIT_RETAIN_SELF = YES;
				CLANG_WARN_OBJC_LITERAL_CONVERSION = YES;
				CLANG_WARN_OBJC_ROOT_CLASS = YES_ERROR;
				CLANG_WARN_RANGE_LOOP_ANALYSIS = YES;
				CLANG_WARN_STRICT_PROTOTYPES = YES;
				CLANG_WARN_SUSPICIOUS_MOVE = YES;
				CLANG_WARN_UNGUARDED_AVAILABILITY = YES_AGGRESSIVE;
				CLANG_WARN_UNREACHABLE_CODE = YES;
				CLANG_WARN__DUPLICATE_METHOD_MATCH = YES;
				CODE_SIGN_IDENTITY = "iPhone Developer";
				COPY_PHASE_STRIP = NO;
				DEBUG_INFORMATION_FORMAT = "dwarf-with-dsym";
				ENABLE_NS_ASSERTIONS = NO;
				ENABLE_STRICT_OBJC_MSGSEND = YES;
				GCC_C_LANGUAGE_STANDARD = gnu11;
				GCC_NO_COMMON_BLOCKS = YES;
				GCC_WARN_64_TO_32_BIT_CONVERSION = YES;
				GCC_WARN_ABOUT_RETURN_TYPE = YES_ERROR;
				GCC_WARN_UNDECLARED_SELECTOR = YES;
				GCC_WARN_UNINITIALIZED_AUTOS = YES_AGGRESSIVE;
				GCC_WARN_UNUSED_FUNCTION = YES;
				GCC_WARN_UNUSED_VARIABLE = YES;
				IPHONEOS_DEPLOYMENT_TARGET = 12.4;
				MTL_ENABLE_DEBUG_INFO = NO;
				MTL_FAST_MATH = YES;
				SDKROOT = iphoneos;
				SWIFT_COMPILATION_MODE = wholemodule;
				SWIFT_OPTIMIZATION_LEVEL = "-O";
				VALIDATE_PRODUCT = YES;
			};
			name = Release;
		};
		51139DC523238D4300FED237 /* Debug */ = {
			isa = XCBuildConfiguration;
			buildSettings = {
				ASSETCATALOG_COMPILER_APPICON_NAME = AppIcon;
				CODE_SIGN_STYLE = Automatic;
				INFOPLIST_FILE = "Tode App/Info.plist";
				LD_RUNPATH_SEARCH_PATHS = (
					"$(inherited)",
					"@executable_path/Frameworks",
				);
				PRODUCT_BUNDLE_IDENTIFIER = "com.MuhammedHuzeifah.Tode-App";
				PRODUCT_NAME = "$(TARGET_NAME)";
				SWIFT_VERSION = 5.0;
				TARGETED_DEVICE_FAMILY = "1,2";
			};
			name = Debug;
		};
		51139DC623238D4300FED237 /* Release */ = {
			isa = XCBuildConfiguration;
			buildSettings = {
				ASSETCATALOG_COMPILER_APPICON_NAME = AppIcon;
				CODE_SIGN_STYLE = Automatic;
				INFOPLIST_FILE = "Tode App/Info.plist";
				LD_RUNPATH_SEARCH_PATHS = (
					"$(inherited)",
					"@executable_path/Frameworks",
				);
				PRODUCT_BUNDLE_IDENTIFIER = "com.MuhammedHuzeifah.Tode-App";
				PRODUCT_NAME = "$(TARGET_NAME)";
				SWIFT_VERSION = 5.0;
				TARGETED_DEVICE_FAMILY = "1,2";
			};
			name = Release;
		};
/* End XCBuildConfiguration section */

/* Begin XCConfigurationList section */
		51139DAD23238D4000FED237 /* Build configuration list for PBXProject "Tode App" */ = {
			isa = XCConfigurationList;
			buildConfigurations = (
				51139DC223238D4300FED237 /* Debug */,
				51139DC323238D4300FED237 /* Release */,
			);
			defaultConfigurationIsVisible = 0;
			defaultConfigurationName = Release;
		};
		51139DC423238D4300FED237 /* Build configuration list for PBXNativeTarget "Tode App" */ = {
			isa = XCConfigurationList;
			buildConfigurations = (
				51139DC523238D4300FED237 /* Debug */,
				51139DC623238D4300FED237 /* Release */,
			);
			defaultConfigurationIsVisible = 0;
			defaultConfigurationName = Release;
		};
/* End XCConfigurationList section */
	};
	rootObject = 51139DAA23238D4000FED237 /* Project object */;
}
